
Microsoft Visual Studio Solution File, Format Version 12.00
# Visual Studio 15
VisualStudioVersion = 15.0.26430.16
MinimumVisualStudioVersion = 10.0.40219.1
Project("{9A19103F-16F7-4668-BE54-9A1E7A4F7556}") = "JsonNetConverters", "UnixTimeConverter\JsonNetConverters.csproj", "{DB100CC4-17AB-4757-862F-D861C10FD668}"
EndProject
Project("{9A19103F-16F7-4668-BE54-9A1E7A4F7556}") = "JsonNetConverters.Test", "UnixTimeConverter.Test\JsonNetConverters.Test.csproj", "{A4267FD8-1779-4BD8-8782-4E71A9FBCC82}"
EndProject
Global
	GlobalSection(SolutionConfigurationPlatforms) = preSolution
		Debug|Any CPU = Debug|Any CPU
		Release|Any CPU = Release|Any CPU
	EndGlobalSection
	GlobalSection(ProjectConfigurationPlatforms) = postSolution
		{DB100CC4-17AB-4757-862F-D861C10FD668}.Debug|Any CPU.ActiveCfg = Debug|Any CPU
		{DB100CC4-17AB-4757-862F-D861C10FD668}.Debug|Any CPU.Build.0 = Debug|Any CPU
		{DB100CC4-17AB-4757-862F-D861C10FD668}.Release|Any CPU.ActiveCfg = Release|Any CPU
		{DB100CC4-17AB-4757-862F-D861C10FD668}.Release|Any CPU.Build.0 = Release|Any CPU
		{A4267FD8-1779-4BD8-8782-4E71A9FBCC82}.Debug|Any CPU.ActiveCfg = Debug|Any CPU
		{A4267FD8-1779-4BD8-8782-4E71A9FBCC82}.Debug|Any CPU.Build.0 = Debug|Any CPU
		{A4267FD8-1779-4BD8-8782-4E71A9FBCC82}.Release|Any CPU.ActiveCfg = Release|Any CPU
		{A4267FD8-1779-4BD8-8782-4E71A9FBCC82}.Release|Any CPU.Build.0 = Release|Any CPU
	EndGlobalSection
	GlobalSection(SolutionProperties) = preSolution
		HideSolutionNode = FALSE
	EndGlobalSection
EndGlobal
