
Microsoft Visual Studio Solution File, Format Version 12.00
# Visual Studio 15
VisualStudioVersion = 15.0.26430.16
MinimumVisualStudioVersion = 10.0.40219.1
Project("{9A19103F-16F7-4668-BE54-9A1E7A4F7556}") = "JsonNetConverters", "JsonNetConverters\JsonNetConverters.csproj", "{CB250189-E09D-4668-9CBD-699E99ECAB83}"
EndProject
Project("{9A19103F-16F7-4668-BE54-9A1E7A4F7556}") = "JsonNetConverters.Test", "JsonNetConverters.Test\JsonNetConverters.Test.csproj", "{250DAF28-A99D-47DC-B3E4-1CB70D4F076F}"
EndProject
Global
	GlobalSection(SolutionConfigurationPlatforms) = preSolution
		Debug|Any CPU = Debug|Any CPU
		Release|Any CPU = Release|Any CPU
	EndGlobalSection
	GlobalSection(ProjectConfigurationPlatforms) = postSolution
		{CB250189-E09D-4668-9CBD-699E99ECAB83}.Debug|Any CPU.ActiveCfg = Debug|Any CPU
		{CB250189-E09D-4668-9CBD-699E99ECAB83}.Debug|Any CPU.Build.0 = Debug|Any CPU
		{CB250189-E09D-4668-9CBD-699E99ECAB83}.Release|Any CPU.ActiveCfg = Release|Any CPU
		{CB250189-E09D-4668-9CBD-699E99ECAB83}.Release|Any CPU.Build.0 = Release|Any CPU
		{250DAF28-A99D-47DC-B3E4-1CB70D4F076F}.Debug|Any CPU.ActiveCfg = Debug|Any CPU
		{250DAF28-A99D-47DC-B3E4-1CB70D4F076F}.Debug|Any CPU.Build.0 = Debug|Any CPU
		{250DAF28-A99D-47DC-B3E4-1CB70D4F076F}.Release|Any CPU.ActiveCfg = Release|Any CPU
		{250DAF28-A99D-47DC-B3E4-1CB70D4F076F}.Release|Any CPU.Build.0 = Release|Any CPU
	EndGlobalSection
	GlobalSection(SolutionProperties) = preSolution
		HideSolutionNode = FALSE
	EndGlobalSection
EndGlobal
